
Microsoft Visual Studio Solution File, Format Version 12.00
# Visual Studio 15
VisualStudioVersion = 15.0.28010.2046
MinimumVisualStudioVersion = 10.0.40219.1
Project("{FAE04EC0-301F-11D3-BF4B-00C04F79EFBC}") = "Tmp", "Tmp\Tmp.csproj", "{7F1A8067-4D57-4EC2-B5DD-D5D3F6F68899}"
EndProject
Global
	GlobalSection(SolutionConfigurationPlatforms) = preSolution
		Debug|Any CPU = Debug|Any CPU
		Release|Any CPU = Release|Any CPU
	EndGlobalSection
	GlobalSection(ProjectConfigurationPlatforms) = postSolution
		{7F1A8067-4D57-4EC2-B5DD-D5D3F6F68899}.Debug|Any CPU.ActiveCfg = Debug|Any CPU
		{7F1A8067-4D57-4EC2-B5DD-D5D3F6F68899}.Debug|Any CPU.Build.0 = Debug|Any CPU
		{7F1A8067-4D57-4EC2-B5DD-D5D3F6F68899}.Release|Any CPU.ActiveCfg = Release|Any CPU
		{7F1A8067-4D57-4EC2-B5DD-D5D3F6F68899}.Release|Any CPU.Build.0 = Release|Any CPU
	EndGlobalSection
	GlobalSection(SolutionProperties) = preSolution
		HideSolutionNode = FALSE
	EndGlobalSection
	GlobalSection(ExtensibilityGlobals) = postSolution
		SolutionGuid = {850330BA-6CEC-4FEA-ABFA-1F32FE7D6B78}
	EndGlobalSection
EndGlobal
